
Microsoft Visual Studio Solution File, Format Version 12.00
# Visual Studio 14
VisualStudioVersion = 14.0.24720.0
MinimumVisualStudioVersion = 10.0.40219.1
Project("{FAE04EC0-301F-11D3-BF4B-00C04F79EFBC}") = "MedicalLabStockModel", "MedicalLabStockModel\MedicalLabStockModel.csproj", "{EBB5CB7E-699A-48A0-AEC0-84061FCC6FBC}"
EndProject
Global
	GlobalSection(SolutionConfigurationPlatforms) = preSolution
		Debug|Any CPU = Debug|Any CPU
		Release|Any CPU = Release|Any CPU
	EndGlobalSection
	GlobalSection(ProjectConfigurationPlatforms) = postSolution
		{EBB5CB7E-699A-48A0-AEC0-84061FCC6FBC}.Debug|Any CPU.ActiveCfg = Debug|Any CPU
		{EBB5CB7E-699A-48A0-AEC0-84061FCC6FBC}.Debug|Any CPU.Build.0 = Debug|Any CPU
		{EBB5CB7E-699A-48A0-AEC0-84061FCC6FBC}.Release|Any CPU.ActiveCfg = Release|Any CPU
		{EBB5CB7E-699A-48A0-AEC0-84061FCC6FBC}.Release|Any CPU.Build.0 = Release|Any CPU
	EndGlobalSection
	GlobalSection(SolutionProperties) = preSolution
		HideSolutionNode = FALSE
	EndGlobalSection
EndGlobal
